{
  "version": "5",
  "specifiers": {
    "jsr:@std/cli@^1.0.21": "1.0.21",
    "jsr:@std/encoding@^1.0.10": "1.0.10",
    "jsr:@std/fmt@^1.0.5": "1.0.8",
    "jsr:@std/fmt@^1.0.8": "1.0.8",
    "jsr:@std/fs@*": "1.0.19",
    "jsr:@std/fs@^1.0.11": "1.0.19",
    "jsr:@std/fs@^1.0.19": "1.0.19",
    "jsr:@std/html@*": "1.0.4",
    "jsr:@std/html@^1.0.4": "1.0.4",
    "jsr:@std/http@*": "1.0.20",
    "jsr:@std/internal@^1.0.10": "1.0.10",
    "jsr:@std/internal@^1.0.9": "1.0.10",
    "jsr:@std/io@~0.225.2": "0.225.2",
    "jsr:@std/log@*": "0.224.14",
    "jsr:@std/media-types@^1.1.0": "1.1.0",
    "jsr:@std/net@^1.0.4": "1.0.5",
    "jsr:@std/path@*": "1.1.2",
    "jsr:@std/path@^1.1.1": "1.1.2",
    "jsr:@std/streams@^1.0.10": "1.0.11",
    "jsr:@std/yaml@*": "1.0.9",
    "npm:@types/react@^19.1.1": "19.1.12",
    "npm:fast-glob@3.3.3": "3.3.3",
    "npm:markdown-it-anchor@*": "9.2.0_@types+markdown-it@14.1.2_markdown-it@14.1.0",
    "npm:markdown-it-footnote@*": "4.0.0",
    "npm:markdown-it-toc-done-right@*": "4.2.0",
    "npm:markdown-it@*": "14.1.0",
    "npm:prismjs@*": "1.30.0",
    "npm:react-dom@^19.1.1": "19.1.1_react@19.1.1",
    "npm:react@^19.1.1": "19.1.1"
  },
  "jsr": {
    "@std/cli@1.0.21": {
      "integrity": "cd25b050bdf6282e321854e3822bee624f07aca7636a3a76d95f77a3a919ca2a"
    },
    "@std/encoding@1.0.10": {
      "integrity": "8783c6384a2d13abd5e9e87a7ae0520a30e9f56aeeaa3bdf910a3eaaf5c811a1"
    },
    "@std/fmt@1.0.8": {
      "integrity": "71e1fc498787e4434d213647a6e43e794af4fd393ef8f52062246e06f7e372b7"
    },
    "@std/fs@1.0.19": {
      "integrity": "051968c2b1eae4d2ea9f79a08a3845740ef6af10356aff43d3e2ef11ed09fb06",
      "dependencies": [
        "jsr:@std/internal@^1.0.9",
        "jsr:@std/path@^1.1.1"
      ]
    },
    "@std/html@1.0.4": {
      "integrity": "eff3497c08164e6ada49b7f81a28b5108087033823153d065e3f89467dd3d50e"
    },
    "@std/http@1.0.20": {
      "integrity": "b5cc33fc001bccce65ed4c51815668c9891c69ccd908295997e983d8f56070a1",
      "dependencies": [
        "jsr:@std/cli",
        "jsr:@std/encoding",
        "jsr:@std/fmt@^1.0.8",
        "jsr:@std/fs@^1.0.19",
        "jsr:@std/html@^1.0.4",
        "jsr:@std/media-types",
        "jsr:@std/net",
        "jsr:@std/path@^1.1.1",
        "jsr:@std/streams"
      ]
    },
    "@std/internal@1.0.10": {
      "integrity": "e3be62ce42cab0e177c27698e5d9800122f67b766a0bea6ca4867886cbde8cf7"
    },
    "@std/io@0.225.2": {
      "integrity": "3c740cd4ee4c082e6cfc86458f47e2ab7cb353dc6234d5e9b1f91a2de5f4d6c7"
    },
    "@std/log@0.224.14": {
      "integrity": "257f7adceee3b53bb2bc86c7242e7d1bc59729e57d4981c4a7e5b876c808f05e",
      "dependencies": [
        "jsr:@std/fmt@^1.0.5",
        "jsr:@std/fs@^1.0.11",
        "jsr:@std/io"
      ]
    },
    "@std/media-types@1.1.0": {
      "integrity": "c9d093f0c05c3512932b330e3cc1fe1d627b301db33a4c2c2185c02471d6eaa4"
    },
    "@std/net@1.0.5": {
      "integrity": "b759d8c5e17d997e164af6379d57764668c6714f30109685eec0fd5e194d501a"
    },
    "@std/path@1.1.2": {
      "integrity": "c0b13b97dfe06546d5e16bf3966b1cadf92e1cc83e56ba5476ad8b498d9e3038",
      "dependencies": [
        "jsr:@std/internal@^1.0.10"
      ]
    },
    "@std/streams@1.0.11": {
      "integrity": "db583d27e28d133f389f1eec318cffdf4998305e5134c1d4b1c56b361cee6018"
    },
    "@std/yaml@1.0.9": {
      "integrity": "6bad3dc766dd85b4b37eabcba81b6aa4eac7a392792ae29abcfb0f90602d55bb"
    }
  },
  "npm": {
    "@nodelib/fs.scandir@2.1.5": {
      "integrity": "7619c2eb21b25483f6d167548b4cfd5a7488c3d5",
      "dependencies": [
        "@nodelib/fs.stat",
        "run-parallel"
      ],
      "tarball": "http://registry.m.jd.com/@nodelib/fs.scandir/download/@nodelib/fs.scandir-2.1.5.tgz"
    },
    "@nodelib/fs.stat@2.0.5": {
      "integrity": "5bd262af94e9d25bd1e71b05deed44876a222e8b",
      "tarball": "http://registry.m.jd.com/@nodelib/fs.stat/download/@nodelib/fs.stat-2.0.5.tgz"
    },
    "@nodelib/fs.walk@1.2.8": {
      "integrity": "e95737e8bb6746ddedf69c556953494f196fe69a",
      "dependencies": [
        "@nodelib/fs.scandir",
        "fastq"
      ],
      "tarball": "http://registry.m.jd.com/@nodelib/fs.walk/download/@nodelib/fs.walk-1.2.8.tgz"
    },
    "@types/linkify-it@5.0.0": {
      "integrity": "21413001973106cda1c3a9b91eedd4ccd5469d76",
      "tarball": "http://registry.m.jd.com/@types/linkify-it/download/@types/linkify-it-5.0.0.tgz"
    },
    "@types/markdown-it@14.1.2": {
      "integrity": "57f2532a0800067d9b934f3521429a2e8bfb4c61",
      "dependencies": [
        "@types/linkify-it",
        "@types/mdurl"
      ],
      "tarball": "http://registry.m.jd.com/@types/markdown-it/download/@types/markdown-it-14.1.2.tgz"
    },
    "@types/mdurl@2.0.0": {
      "integrity": "d43878b5b20222682163ae6f897b20447233bdfd",
      "tarball": "http://registry.m.jd.com/@types/mdurl/download/@types/mdurl-2.0.0.tgz"
    },
    "@types/react@19.1.12": {
      "integrity": "7bfaa76aabbb0b4fe0493c21a3a7a93d33e8937b",
      "dependencies": [
        "csstype"
      ],
      "tarball": "http://registry.m.jd.com/@types/react/download/@types/react-19.1.12.tgz"
    },
    "argparse@2.0.1": {
      "integrity": "246f50f3ca78a3240f6c997e8a9bd1eac49e4b38",
      "tarball": "http://registry.m.jd.com/argparse/download/argparse-2.0.1.tgz"
    },
    "braces@3.0.3": {
      "integrity": "490332f40919452272d55a8480adc0c441358789",
      "dependencies": [
        "fill-range"
      ],
      "tarball": "http://registry.m.jd.com/braces/download/braces-3.0.3.tgz"
    },
    "csstype@3.1.3": {
      "integrity": "d80ff294d114fb0e6ac500fbf85b60137d7eff81",
      "tarball": "http://registry.m.jd.com/csstype/download/csstype-3.1.3.tgz"
    },
    "entities@4.5.0": {
      "integrity": "5d268ea5e7113ec74c4d033b79ea5a35a488fb48",
      "tarball": "http://registry.m.jd.com/entities/download/entities-4.5.0.tgz"
    },
    "fast-glob@3.3.3": {
      "integrity": "d06d585ce8dba90a16b0505c543c3ccfb3aeb818",
      "dependencies": [
        "@nodelib/fs.stat",
        "@nodelib/fs.walk",
        "glob-parent",
        "merge2",
        "micromatch"
      ],
      "tarball": "http://registry.m.jd.com/fast-glob/download/fast-glob-3.3.3.tgz"
    },
    "fastq@1.19.1": {
      "integrity": "d50eaba803c8846a883c16492821ebcd2cda55f5",
      "dependencies": [
        "reusify"
      ],
      "tarball": "http://registry.m.jd.com/fastq/download/fastq-1.19.1.tgz"
    },
    "fill-range@7.1.1": {
      "integrity": "44265d3cac07e3ea7dc247516380643754a05292",
      "dependencies": [
        "to-regex-range"
      ],
      "tarball": "http://registry.m.jd.com/fill-range/download/fill-range-7.1.1.tgz"
    },
    "glob-parent@5.1.2": {
      "integrity": "869832c58034fe68a4093c17dc15e8340d8401c4",
      "dependencies": [
        "is-glob"
      ],
      "tarball": "http://registry.m.jd.com/glob-parent/download/glob-parent-5.1.2.tgz"
    },
    "is-extglob@2.1.1": {
      "integrity": "a88c02535791f02ed37c76a1b9ea9773c833f8c2",
      "tarball": "http://registry.m.jd.com/is-extglob/download/is-extglob-2.1.1.tgz"
    },
    "is-glob@4.0.3": {
      "integrity": "64f61e42cbbb2eec2071a9dac0b28ba1e65d5084",
      "dependencies": [
        "is-extglob"
      ],
      "tarball": "http://registry.m.jd.com/is-glob/download/is-glob-4.0.3.tgz"
    },
    "is-number@7.0.0": {
      "integrity": "7535345b896734d5f80c4d06c50955527a14f12b",
      "tarball": "http://registry.m.jd.com/is-number/download/is-number-7.0.0.tgz"
    },
    "linkify-it@5.0.0": {
      "integrity": "9ef238bfa6dc70bd8e7f9572b52d369af569b421",
      "dependencies": [
        "uc.micro"
      ],
      "tarball": "http://registry.m.jd.com/linkify-it/download/linkify-it-5.0.0.tgz"
    },
    "markdown-it-anchor@9.2.0_@types+markdown-it@14.1.2_markdown-it@14.1.0": {
      "integrity": "89375d9a2a79336403ab7c4fd36b1965cc45e5c8",
      "dependencies": [
        "@types/markdown-it",
        "markdown-it"
      ],
      "tarball": "http://registry.m.jd.com/markdown-it-anchor/download/markdown-it-anchor-9.2.0.tgz"
    },
    "markdown-it-footnote@4.0.0": {
      "integrity": "02ede0cb68a42d7e7774c3abdc72d77aaa24c531",
      "tarball": "http://registry.m.jd.com/markdown-it-footnote/download/markdown-it-footnote-4.0.0.tgz"
    },
    "markdown-it-toc-done-right@4.2.0": {
      "integrity": "3ccdce22d5022ffae7b991d07261b1b1de5459d0",
      "tarball": "http://registry.m.jd.com/markdown-it-toc-done-right/download/markdown-it-toc-done-right-4.2.0.tgz"
    },
    "markdown-it@14.1.0": {
      "integrity": "3c3c5992883c633db4714ccb4d7b5935d98b7d45",
      "dependencies": [
        "argparse",
        "entities",
        "linkify-it",
        "mdurl",
        "punycode.js",
        "uc.micro"
      ],
      "bin": true,
      "tarball": "http://registry.m.jd.com/markdown-it/download/markdown-it-14.1.0.tgz"
    },
    "mdurl@2.0.0": {
      "integrity": "80676ec0433025dd3e17ee983d0fe8de5a2237e0",
      "tarball": "http://registry.m.jd.com/mdurl/download/mdurl-2.0.0.tgz"
    },
    "merge2@1.4.1": {
      "integrity": "4368892f885e907455a6fd7dc55c0c9d404990ae",
      "tarball": "http://registry.m.jd.com/merge2/download/merge2-1.4.1.tgz"
    },
    "micromatch@4.0.8": {
      "integrity": "d66fa18f3a47076789320b9b1af32bd86d9fa202",
      "dependencies": [
        "braces",
        "picomatch"
      ],
      "tarball": "http://registry.m.jd.com/micromatch/download/micromatch-4.0.8.tgz"
    },
    "picomatch@2.3.1": {
      "integrity": "3ba3833733646d9d3e4995946c1365a67fb07a42",
      "tarball": "http://registry.m.jd.com/picomatch/download/picomatch-2.3.1.tgz"
    },
    "prismjs@1.30.0": {
      "integrity": "d9709969d9d4e16403f6f348c63553b19f0975a9",
      "tarball": "http://registry.m.jd.com/prismjs/download/prismjs-1.30.0.tgz"
    },
    "punycode.js@2.3.1": {
      "integrity": "6b53e56ad75588234e79f4affa90972c7dd8cdb7",
      "tarball": "http://registry.m.jd.com/punycode.js/download/punycode.js-2.3.1.tgz"
    },
    "queue-microtask@1.2.3": {
      "integrity": "4929228bbc724dfac43e0efb058caf7b6cfb6243",
      "tarball": "http://registry.m.jd.com/queue-microtask/download/queue-microtask-1.2.3.tgz"
    },
    "react-dom@19.1.1_react@19.1.1": {
      "integrity": "2daa9ff7f3ae384aeb30e76d5ee38c046dc89893",
      "dependencies": [
        "react",
        "scheduler"
      ],
      "tarball": "http://registry.m.jd.com/react-dom/download/react-dom-19.1.1.tgz"
    },
    "react@19.1.1": {
      "integrity": "06d9149ec5e083a67f9a1e39ce97b06a03b644af",
      "tarball": "http://registry.m.jd.com/react/download/react-19.1.1.tgz"
    },
    "reusify@1.1.0": {
      "integrity": "0fe13b9522e1473f51b558ee796e08f11f9b489f",
      "tarball": "http://registry.m.jd.com/reusify/download/reusify-1.1.0.tgz"
    },
    "run-parallel@1.2.0": {
      "integrity": "66d1368da7bdf921eb9d95bd1a9229e7f21a43ee",
      "dependencies": [
        "queue-microtask"
      ],
      "tarball": "http://registry.m.jd.com/run-parallel/download/run-parallel-1.2.0.tgz"
    },
    "scheduler@0.26.0": {
      "integrity": "4ce8a8c2a2095f13ea11bf9a445be50c555d6337",
      "tarball": "http://registry.m.jd.com/scheduler/download/scheduler-0.26.0.tgz"
    },
    "to-regex-range@5.0.1": {
      "integrity": "1648c44aae7c8d988a326018ed72f5b4dd0392e4",
      "dependencies": [
        "is-number"
      ],
      "tarball": "http://registry.m.jd.com/to-regex-range/download/to-regex-range-5.0.1.tgz"
    },
    "uc.micro@2.1.0": {
      "integrity": "f8d3f7d0ec4c3dea35a7e3c8efa4cb8b45c9e7ee",
      "tarball": "http://registry.m.jd.com/uc.micro/download/uc.micro-2.1.0.tgz"
    }
  },
  "redirects": {
    "https://esm.sh/prismjs/components/prism-bash?no-check&pin=v57": "https://esm.sh/prismjs@1.30.0/components/prism-bash?no-check&pin=v57",
    "https://esm.sh/prismjs/components/prism-http?no-check&pin=v57": "https://esm.sh/prismjs@1.30.0/components/prism-http?no-check&pin=v57",
    "https://esm.sh/prismjs/components/prism-java?no-check&pin=v57": "https://esm.sh/prismjs@1.30.0/components/prism-java?no-check&pin=v57",
    "https://esm.sh/prismjs/components/prism-json?no-check&pin=v57": "https://esm.sh/prismjs@1.30.0/components/prism-json?no-check&pin=v57",
    "https://esm.sh/prismjs/components/prism-jsx?no-check&pin=v57": "https://esm.sh/prismjs@1.30.0/components/prism-jsx?no-check&pin=v57",
    "https://esm.sh/prismjs/components/prism-makefile?no-check&pin=v57": "https://esm.sh/prismjs@1.30.0/components/prism-makefile?no-check&pin=v57",
    "https://esm.sh/prismjs/components/prism-python?no-check&pin=v57": "https://esm.sh/prismjs@1.30.0/components/prism-python?no-check&pin=v57",
    "https://esm.sh/prismjs/components/prism-typescript?no-check&pin=v57": "https://esm.sh/prismjs@1.30.0/components/prism-typescript?no-check&pin=v57",
    "https://esm.sh/prismjs/components/prism-vim?no-check&pin=v57": "https://esm.sh/prismjs@1.30.0/components/prism-vim?no-check&pin=v57",
    "https://esm.sh/sax@^1.2.4?target=denonext": "https://esm.sh/sax@1.4.1?target=denonext",
    "https://esm.sh/xml-js@^1.6.11?target=denonext": "https://esm.sh/xml-js@1.6.11?target=denonext"
  },
  "remote": {
    "https://esm.sh/feed@4.2.2": "dca62237661ed6cf5ca20d97a9138cc5727054bb5d1f741676402e7e95446acb",
    "https://esm.sh/feed@4.2.2/denonext/feed.mjs": "f61177a13d321ebe406b8c57004632d5dcb1bd366c57860e226668f41855ba12",
    "https://esm.sh/prismjs@1.30.0/components/prism-bash?no-check&pin=v57": "7f65d990355fec19dcd01e03938b1daf7f5fa4ad8caaee60d7e700cb1d83c90a",
    "https://esm.sh/prismjs@1.30.0/components/prism-http?no-check&pin=v57": "d1748ddf2f7661f882c14fb1544ec4628e11cac8b455fc875b38519ea67ed8f6",
    "https://esm.sh/prismjs@1.30.0/components/prism-java?no-check&pin=v57": "685da9b1dc39a97d8ecdad13377f2707d95591444c8a36895bbf7b71893fb5e9",
    "https://esm.sh/prismjs@1.30.0/components/prism-json?no-check&pin=v57": "7483e7a574ab0f53a921bdeac8065db7339d4a6962c088ae5ffcd97da9098ffb",
    "https://esm.sh/prismjs@1.30.0/components/prism-jsx?no-check&pin=v57": "24ca61f889747d2fd80f5bba87a93c04c7b001c06e26d63f43987e7ab54867a5",
    "https://esm.sh/prismjs@1.30.0/components/prism-makefile?no-check&pin=v57": "405322a5aec4727eac9b2ed49cd1a70eb2ef6bca413d1d8aeb3aca930fbad2b3",
    "https://esm.sh/prismjs@1.30.0/components/prism-python?no-check&pin=v57": "dfb441b93f75fff8d9288a28e7e218e241b958b256dcd2622b42b7a677fc781d",
    "https://esm.sh/prismjs@1.30.0/components/prism-typescript?no-check&pin=v57": "20ed7b3e0247b9dbbc6b5f3022440fc97a8e782e70b2949f3370db095b21961b",
    "https://esm.sh/prismjs@1.30.0/components/prism-vim?no-check&pin=v57": "eb6e98b0982165baf096aaa0121455c403b1e64af6e28c0a4a29d21b4a0d20b4",
    "https://esm.sh/sax@1.4.1/denonext/sax.mjs": "f6b76bfda979cf50ea49b0f4c36fdba9ac24c2f5261e31df0adb662f505ef277",
    "https://esm.sh/sax@1.4.1?target=denonext": "e27842cb4e8dc59720f1f3df21075f69ddeb0b5c06bb055efcd72d1d59fefd79",
    "https://esm.sh/v57/prismjs@1.30.0/denonext/components/prism-bash.js": "42e892b48ef45e7f25ee77f1d914cf61196eff53c0b6dc49e949a49d83274ff8",
    "https://esm.sh/v57/prismjs@1.30.0/denonext/components/prism-http.js": "a843a38a59a35a256a4e01f19cd874d2c58f8d9e89ccf823d52ec7e2d788abef",
    "https://esm.sh/v57/prismjs@1.30.0/denonext/components/prism-java.js": "913e630468d7c401a89e7e318e8dc2b3620d889bd49fa5e1a3deca79b7d4a048",
    "https://esm.sh/v57/prismjs@1.30.0/denonext/components/prism-json.js": "7aa6017863ec752f0fb5ad067e4477426c8b6eb00053c34e2576b2830d4dcb60",
    "https://esm.sh/v57/prismjs@1.30.0/denonext/components/prism-jsx.js": "fca67fa7b9f2d132933c66e9270104ee88a5fce5a924ecabedb0c5697e3c7ee8",
    "https://esm.sh/v57/prismjs@1.30.0/denonext/components/prism-makefile.js": "1d5316c33b9e230bd006b0369f9df2042394c1ab30ac6ba0245fdcdfbb094854",
    "https://esm.sh/v57/prismjs@1.30.0/denonext/components/prism-python.js": "3d4ed3ed16f48f3ddffeb955c807b778e8151f11226cf6f76dd1b9a5ec63a4df",
    "https://esm.sh/v57/prismjs@1.30.0/denonext/components/prism-typescript.js": "0858fd44070d9ad4bef7d27d8c75f24f58b99d77187429c8741e84d65c7e39e6",
    "https://esm.sh/v57/prismjs@1.30.0/denonext/components/prism-vim.js": "57f3c212e623748dbe22c15aba45edcf9b52aeb9a7ae83d2478621110d9dd3ce",
    "https://esm.sh/xml-js@1.6.11/denonext/xml-js.mjs": "e1863b42f0016edd5321d08aae2e92f6f856027ed813d5825a413fbbc0dfb875",
    "https://esm.sh/xml-js@1.6.11?target=denonext": "9f30bf1857f9da9c902c290b59f6b399c973d3dc7e35f11c5db2502aad733f63"
  },
  "workspace": {
    "dependencies": [
      "npm:react-dom@^19.1.1",
      "npm:react@^19.1.1"
    ]
  }
}
