{
  "version": "5",
  "specifiers": {
    "jsr:@std/cli@^1.0.21": "1.0.21",
    "jsr:@std/datetime@*": "0.225.5",
    "jsr:@std/encoding@^1.0.10": "1.0.10",
    "jsr:@std/fmt@^1.0.5": "1.0.8",
    "jsr:@std/fmt@^1.0.8": "1.0.8",
    "jsr:@std/fs@*": "1.0.19",
    "jsr:@std/fs@^1.0.11": "1.0.19",
    "jsr:@std/fs@^1.0.19": "1.0.19",
    "jsr:@std/html@*": "1.0.4",
    "jsr:@std/html@^1.0.4": "1.0.4",
    "jsr:@std/http@*": "1.0.20",
    "jsr:@std/internal@^1.0.10": "1.0.10",
    "jsr:@std/internal@^1.0.9": "1.0.10",
    "jsr:@std/io@~0.225.2": "0.225.2",
    "jsr:@std/log@*": "0.224.14",
    "jsr:@std/media-types@^1.1.0": "1.1.0",
    "jsr:@std/net@^1.0.4": "1.0.5",
    "jsr:@std/path@*": "1.1.2",
    "jsr:@std/path@^1.1.1": "1.1.2",
    "jsr:@std/streams@^1.0.10": "1.0.11",
    "jsr:@std/yaml@*": "1.0.9",
    "npm:hono@*": "4.9.5",
    "npm:markdown-it-anchor@*": "9.2.0_@types+markdown-it@14.1.2_markdown-it@14.1.0",
    "npm:markdown-it-footnote@*": "4.0.0",
    "npm:markdown-it-toc-done-right@*": "4.2.0",
    "npm:markdown-it@*": "14.1.0",
    "npm:prismjs@*": "1.30.0"
  },
  "jsr": {
    "@std/cli@1.0.21": {
      "integrity": "cd25b050bdf6282e321854e3822bee624f07aca7636a3a76d95f77a3a919ca2a"
    },
    "@std/datetime@0.225.5": {
      "integrity": "9f650f6caec546b80172e95a4edb8478d5fe060c4c937f7ede242ffceab6efc9"
    },
    "@std/encoding@1.0.10": {
      "integrity": "8783c6384a2d13abd5e9e87a7ae0520a30e9f56aeeaa3bdf910a3eaaf5c811a1"
    },
    "@std/fmt@1.0.8": {
      "integrity": "71e1fc498787e4434d213647a6e43e794af4fd393ef8f52062246e06f7e372b7"
    },
    "@std/fs@1.0.19": {
      "integrity": "051968c2b1eae4d2ea9f79a08a3845740ef6af10356aff43d3e2ef11ed09fb06",
      "dependencies": [
        "jsr:@std/internal@^1.0.9",
        "jsr:@std/path@^1.1.1"
      ]
    },
    "@std/html@1.0.4": {
      "integrity": "eff3497c08164e6ada49b7f81a28b5108087033823153d065e3f89467dd3d50e"
    },
    "@std/http@1.0.20": {
      "integrity": "b5cc33fc001bccce65ed4c51815668c9891c69ccd908295997e983d8f56070a1",
      "dependencies": [
        "jsr:@std/cli",
        "jsr:@std/encoding",
        "jsr:@std/fmt@^1.0.8",
        "jsr:@std/fs@^1.0.19",
        "jsr:@std/html@^1.0.4",
        "jsr:@std/media-types",
        "jsr:@std/net",
        "jsr:@std/path@^1.1.1",
        "jsr:@std/streams"
      ]
    },
    "@std/internal@1.0.10": {
      "integrity": "e3be62ce42cab0e177c27698e5d9800122f67b766a0bea6ca4867886cbde8cf7"
    },
    "@std/io@0.225.2": {
      "integrity": "3c740cd4ee4c082e6cfc86458f47e2ab7cb353dc6234d5e9b1f91a2de5f4d6c7"
    },
    "@std/log@0.224.14": {
      "integrity": "257f7adceee3b53bb2bc86c7242e7d1bc59729e57d4981c4a7e5b876c808f05e",
      "dependencies": [
        "jsr:@std/fmt@^1.0.5",
        "jsr:@std/fs@^1.0.11",
        "jsr:@std/io"
      ]
    },
    "@std/media-types@1.1.0": {
      "integrity": "c9d093f0c05c3512932b330e3cc1fe1d627b301db33a4c2c2185c02471d6eaa4"
    },
    "@std/net@1.0.5": {
      "integrity": "b759d8c5e17d997e164af6379d57764668c6714f30109685eec0fd5e194d501a"
    },
    "@std/path@1.1.2": {
      "integrity": "c0b13b97dfe06546d5e16bf3966b1cadf92e1cc83e56ba5476ad8b498d9e3038",
      "dependencies": [
        "jsr:@std/internal@^1.0.10"
      ]
    },
    "@std/streams@1.0.11": {
      "integrity": "db583d27e28d133f389f1eec318cffdf4998305e5134c1d4b1c56b361cee6018"
    },
    "@std/yaml@1.0.9": {
      "integrity": "6bad3dc766dd85b4b37eabcba81b6aa4eac7a392792ae29abcfb0f90602d55bb"
    }
  },
  "npm": {
    "@types/linkify-it@5.0.0": {
      "integrity": "sha512-sVDA58zAw4eWAffKOaQH5/5j3XeayukzDk+ewSsnv3p4yJEZHCCzMDiZM8e0OUrRvmpGZ85jf4yDHkHsgBNr9Q=="
    },
    "@types/markdown-it@14.1.2": {
      "integrity": "sha512-promo4eFwuiW+TfGxhi+0x3czqTYJkG8qB17ZUJiVF10Xm7NLVRSLUsfRTU/6h1e24VvRnXCx+hG7li58lkzog==",
      "dependencies": [
        "@types/linkify-it",
        "@types/mdurl"
      ]
    },
    "@types/mdurl@2.0.0": {
      "integrity": "sha512-RGdgjQUZba5p6QEFAVx2OGb8rQDL/cPRG7GiedRzMcJ1tYnUANBncjbSB1NRGwbvjcPeikRABz2nshyPk1bhWg=="
    },
    "argparse@2.0.1": {
      "integrity": "sha512-8+9WqebbFzpX9OR+Wa6O29asIogeRMzcGtAINdpMHHyAg10f05aSFVBbcEqGf/PXw1EjAZ+q2/bEBg3DvurK3Q=="
    },
    "entities@4.5.0": {
      "integrity": "sha512-V0hjH4dGPh9Ao5p0MoRY6BVqtwCjhz6vI5LT8AJ55H+4g9/4vbHx1I54fS0XuclLhDHArPQCiMjDxjaL8fPxhw=="
    },
    "hono@4.9.5": {
      "integrity": "sha512-aLAVl5/67ifNnoFVxnhR89dpmSLsgwBprw/PT671ASwUpJqmd7Ne8KPTQo37DbRZfgpHaHeZ4bPVUvbOkeedMw=="
    },
    "linkify-it@5.0.0": {
      "integrity": "sha512-5aHCbzQRADcdP+ATqnDuhhJ/MRIqDkZX5pyjFHRRysS8vZ5AbqGEoFIb6pYHPZ+L/OC2Lc+xT8uHVVR5CAK/wQ==",
      "dependencies": [
        "uc.micro"
      ]
    },
    "markdown-it-anchor@9.2.0_@types+markdown-it@14.1.2_markdown-it@14.1.0": {
      "integrity": "sha512-sa2ErMQ6kKOA4l31gLGYliFQrMKkqSO0ZJgGhDHKijPf0pNFM9vghjAh3gn26pS4JDRs7Iwa9S36gxm3vgZTzg==",
      "dependencies": [
        "@types/markdown-it",
        "markdown-it"
      ]
    },
    "markdown-it-footnote@4.0.0": {
      "integrity": "sha512-WYJ7urf+khJYl3DqofQpYfEYkZKbmXmwxQV8c8mO/hGIhgZ1wOe7R4HLFNwqx7TjILbnC98fuyeSsin19JdFcQ=="
    },
    "markdown-it-toc-done-right@4.2.0": {
      "integrity": "sha512-UB/IbzjWazwTlNAX0pvWNlJS8NKsOQ4syrXZQ/C72j+jirrsjVRT627lCaylrKJFBQWfRsPmIVQie8x38DEhAQ=="
    },
    "markdown-it@14.1.0": {
      "integrity": "sha512-a54IwgWPaeBCAAsv13YgmALOF1elABB08FxO9i+r4VFk5Vl4pKokRPeX8u5TCgSsPi6ec1otfLjdOpVcgbpshg==",
      "dependencies": [
        "argparse",
        "entities",
        "linkify-it",
        "mdurl",
        "punycode.js",
        "uc.micro"
      ],
      "bin": true
    },
    "mdurl@2.0.0": {
      "integrity": "sha512-Lf+9+2r+Tdp5wXDXC4PcIBjTDtq4UKjCPMQhKIuzpJNW0b96kVqSwW0bT7FhRSfmAiFYgP+SCRvdrDozfh0U5w=="
    },
    "prismjs@1.30.0": {
      "integrity": "sha512-DEvV2ZF2r2/63V+tK8hQvrR2ZGn10srHbXviTlcv7Kpzw8jWiNTqbVgjO3IY8RxrrOUF8VPMQQFysYYYv0YZxw=="
    },
    "punycode.js@2.3.1": {
      "integrity": "sha512-uxFIHU0YlHYhDQtV4R9J6a52SLx28BCjT+4ieh7IGbgwVJWO+km431c4yRlREUAsAmt/uMjQUyQHNEPf0M39CA=="
    },
    "uc.micro@2.1.0": {
      "integrity": "sha512-ARDJmphmdvUk6Glw7y9DQ2bFkKBHwQHLi2lsaH6PPmz/Ka9sFOBsBluozhDltWmnv9u/cF6Rt87znRTPV+yp/A=="
    }
  },
  "redirects": {
    "https://deno.land/x/bcrypt/mod.ts": "https://deno.land/x/bcrypt@v0.4.1/mod.ts",
    "https://esm.sh/prismjs/components/prism-bash?no-check&pin=v57": "https://esm.sh/prismjs@1.30.0/components/prism-bash?no-check&pin=v57",
    "https://esm.sh/prismjs/components/prism-http?no-check&pin=v57": "https://esm.sh/prismjs@1.30.0/components/prism-http?no-check&pin=v57",
    "https://esm.sh/prismjs/components/prism-java?no-check&pin=v57": "https://esm.sh/prismjs@1.30.0/components/prism-java?no-check&pin=v57",
    "https://esm.sh/prismjs/components/prism-json?no-check&pin=v57": "https://esm.sh/prismjs@1.30.0/components/prism-json?no-check&pin=v57",
    "https://esm.sh/prismjs/components/prism-jsx?no-check&pin=v57": "https://esm.sh/prismjs@1.30.0/components/prism-jsx?no-check&pin=v57",
    "https://esm.sh/prismjs/components/prism-makefile?no-check&pin=v57": "https://esm.sh/prismjs@1.30.0/components/prism-makefile?no-check&pin=v57",
    "https://esm.sh/prismjs/components/prism-python?no-check&pin=v57": "https://esm.sh/prismjs@1.30.0/components/prism-python?no-check&pin=v57",
    "https://esm.sh/prismjs/components/prism-typescript?no-check&pin=v57": "https://esm.sh/prismjs@1.30.0/components/prism-typescript?no-check&pin=v57",
    "https://esm.sh/prismjs/components/prism-vim?no-check&pin=v57": "https://esm.sh/prismjs@1.30.0/components/prism-vim?no-check&pin=v57",
    "https://esm.sh/sax@^1.2.4?target=denonext": "https://esm.sh/sax@1.4.1?target=denonext",
    "https://esm.sh/xml-js@^1.6.11?target=denonext": "https://esm.sh/xml-js@1.6.11?target=denonext"
  },
  "remote": {
    "https://deno.land/x/bcrypt@v0.4.1/mod.ts": "ff09bdae282583cf5f7d87efe37ddcecef7f14f6d12e8b8066a3058db8c6c2f7",
    "https://deno.land/x/bcrypt@v0.4.1/src/bcrypt/base64.ts": "b8266450a4f1eb6960f60f2f7986afc4dde6b45bd2d7ee7ba10789e67e17b9f7",
    "https://deno.land/x/bcrypt@v0.4.1/src/bcrypt/bcrypt.ts": "ec221648cc6453ea5e3803bc817c01157dada06aa6f7a0ba6b9f87aae32b21e2",
    "https://deno.land/x/bcrypt@v0.4.1/src/main.ts": "08d201b289c8d9c46f8839c69cd6625b213863db29775c7a200afc3b540e64f8",
    "https://esm.sh/feed@4.2.2": "dca62237661ed6cf5ca20d97a9138cc5727054bb5d1f741676402e7e95446acb",
    "https://esm.sh/feed@4.2.2/denonext/feed.mjs": "f61177a13d321ebe406b8c57004632d5dcb1bd366c57860e226668f41855ba12",
    "https://esm.sh/prismjs@1.30.0/components/prism-bash?no-check&pin=v57": "7f65d990355fec19dcd01e03938b1daf7f5fa4ad8caaee60d7e700cb1d83c90a",
    "https://esm.sh/prismjs@1.30.0/components/prism-http?no-check&pin=v57": "d1748ddf2f7661f882c14fb1544ec4628e11cac8b455fc875b38519ea67ed8f6",
    "https://esm.sh/prismjs@1.30.0/components/prism-java?no-check&pin=v57": "685da9b1dc39a97d8ecdad13377f2707d95591444c8a36895bbf7b71893fb5e9",
    "https://esm.sh/prismjs@1.30.0/components/prism-json?no-check&pin=v57": "7483e7a574ab0f53a921bdeac8065db7339d4a6962c088ae5ffcd97da9098ffb",
    "https://esm.sh/prismjs@1.30.0/components/prism-jsx?no-check&pin=v57": "24ca61f889747d2fd80f5bba87a93c04c7b001c06e26d63f43987e7ab54867a5",
    "https://esm.sh/prismjs@1.30.0/components/prism-makefile?no-check&pin=v57": "405322a5aec4727eac9b2ed49cd1a70eb2ef6bca413d1d8aeb3aca930fbad2b3",
    "https://esm.sh/prismjs@1.30.0/components/prism-python?no-check&pin=v57": "dfb441b93f75fff8d9288a28e7e218e241b958b256dcd2622b42b7a677fc781d",
    "https://esm.sh/prismjs@1.30.0/components/prism-typescript?no-check&pin=v57": "20ed7b3e0247b9dbbc6b5f3022440fc97a8e782e70b2949f3370db095b21961b",
    "https://esm.sh/prismjs@1.30.0/components/prism-vim?no-check&pin=v57": "eb6e98b0982165baf096aaa0121455c403b1e64af6e28c0a4a29d21b4a0d20b4",
    "https://esm.sh/sax@1.4.1/denonext/sax.mjs": "f6b76bfda979cf50ea49b0f4c36fdba9ac24c2f5261e31df0adb662f505ef277",
    "https://esm.sh/sax@1.4.1?target=denonext": "e27842cb4e8dc59720f1f3df21075f69ddeb0b5c06bb055efcd72d1d59fefd79",
    "https://esm.sh/v57/prismjs@1.30.0/denonext/components/prism-bash.js": "42e892b48ef45e7f25ee77f1d914cf61196eff53c0b6dc49e949a49d83274ff8",
    "https://esm.sh/v57/prismjs@1.30.0/denonext/components/prism-http.js": "a843a38a59a35a256a4e01f19cd874d2c58f8d9e89ccf823d52ec7e2d788abef",
    "https://esm.sh/v57/prismjs@1.30.0/denonext/components/prism-java.js": "913e630468d7c401a89e7e318e8dc2b3620d889bd49fa5e1a3deca79b7d4a048",
    "https://esm.sh/v57/prismjs@1.30.0/denonext/components/prism-json.js": "7aa6017863ec752f0fb5ad067e4477426c8b6eb00053c34e2576b2830d4dcb60",
    "https://esm.sh/v57/prismjs@1.30.0/denonext/components/prism-jsx.js": "fca67fa7b9f2d132933c66e9270104ee88a5fce5a924ecabedb0c5697e3c7ee8",
    "https://esm.sh/v57/prismjs@1.30.0/denonext/components/prism-makefile.js": "1d5316c33b9e230bd006b0369f9df2042394c1ab30ac6ba0245fdcdfbb094854",
    "https://esm.sh/v57/prismjs@1.30.0/denonext/components/prism-python.js": "3d4ed3ed16f48f3ddffeb955c807b778e8151f11226cf6f76dd1b9a5ec63a4df",
    "https://esm.sh/v57/prismjs@1.30.0/denonext/components/prism-typescript.js": "0858fd44070d9ad4bef7d27d8c75f24f58b99d77187429c8741e84d65c7e39e6",
    "https://esm.sh/v57/prismjs@1.30.0/denonext/components/prism-vim.js": "57f3c212e623748dbe22c15aba45edcf9b52aeb9a7ae83d2478621110d9dd3ce",
    "https://esm.sh/xml-js@1.6.11/denonext/xml-js.mjs": "e1863b42f0016edd5321d08aae2e92f6f856027ed813d5825a413fbbc0dfb875",
    "https://esm.sh/xml-js@1.6.11?target=denonext": "9f30bf1857f9da9c902c290b59f6b399c973d3dc7e35f11c5db2502aad733f63"
  },
  "workspace": {
    "dependencies": [
      "npm:hono@*"
    ]
  }
}
